schema: '2.0'
stages:
  data_ingestion:
    cmd: python src/DogvsCatClassifier/pipeline/A_DE_PIPELINE.py
    deps:
    - path: config/config.yaml
      hash: md5
      md5: a028e31f30640eee2bba3a71a7f5602a
      size: 781
    - path: src/DogvsCatClassifier/pipeline/A_DE_PIPELINE.py
      hash: md5
      md5: 2267803a1410721b747019bbe7cc927e
      size: 894
    outs:
    - path: artifacts/data_ingestion/test
      hash: md5
      md5: e34ce247a4ba4ed441abd36d6f54a4d5.dir
      size: 113168459
      nfiles: 5000
    - path: artifacts/data_ingestion/train
      hash: md5
      md5: 34558834f7b1fa308b2497245497180c.dir
      size: 458746917
      nfiles: 20000
  model_training:
    cmd: python src/DogvsCatClassifier/pipeline/B_MT_PIPELINE.py
    deps:
    - path: config/config.yaml
      hash: md5
      md5: a028e31f30640eee2bba3a71a7f5602a
      size: 781
    - path: src/DogvsCatClassifier/pipeline/B_MT_PIPELINE.py
      hash: md5
      md5: 46c87a4159ea968559018e91866be6a1
      size: 929
    params:
      params.yaml:
        batch_size: 32
        epoch_val: 1
        image_height: 256
        image_width: 256
        inner_activation: relu
        loss_func: binary_crossentropy
        neurons_no:
        - 128
        - 64
        - 32
        - 16
        - 8
        - 4
        - 2
        - 1
        optimizer: adam
    outs:
    - path: artifacts/model_trainer/model.h5
      hash: md5
      md5: b8d26c6bb5ec81ae04f478b0cf8a921b
      size: 178265856
  model_evaluation:
    cmd: python src/DogvsCatClassifier/pipeline/C_ME_PIPELINE.py
    deps:
    - path: config/config.yaml
      hash: md5
      md5: a028e31f30640eee2bba3a71a7f5602a
      size: 781
    - path: src/DogvsCatClassifier/pipeline/C_ME_PIPELINE.py
      hash: md5
      md5: 5bd629480fcbc05257f2bd87f47f3579
      size: 973
    params:
      params.yaml:
        batch_size: 32
        image_height: 256
        image_width: 256
    outs:
    - path: artifacts/model_evaluation/metrics.json
      hash: md5
      md5: e74f24f69d86293f2a9782cd3e43e369
      size: 73
